ubuntu_lxc=24.04-2
ubuntu_cloud_image=noble-server-cloudimg-amd64.img
codex_cli=0.155.0
node=20.19.2
github_cli=2.101.0
webcodex=0.4.1
cloudflared=2026.9.1
go=1.22.2
controller_schema=1
agentd=unreleased-blocks-deployment
k3s=v1.37.0+k3s1
kueue=unresolved-blocks-deployment
container_image_digest=unresolved-blocks-deployment
